// !$*UTF8*$!
{
	archiveVersion = 1;
	classes = {
	};
	objectVersion = 56;
	objects = {

/* Begin PBXBuildFile section */
		AD91F6D62997A1DC004B09C5 /* AppDelegate.swift in Sources */ = {isa = PBXBuildFile; fileRef = AD91F6D52997A1DC004B09C5 /* AppDelegate.swift */; };
		AD91F6D82997A1DC004B09C5 /* SceneDelegate.swift in Sources */ = {isa = PBXBuildFile; fileRef = AD91F6D72997A1DC004B09C5 /* SceneDelegate.swift */; };
		AD91F6DA2997A1DC004B09C5 /* ViewController.swift in Sources */ = {isa = PBXBuildFile; fileRef = AD91F6D92997A1DC004B09C5 /* ViewController.swift */; };
		AD91F6DD2997A1DC004B09C5 /* Main.storyboard in Resources */ = {isa = PBXBuildFile; fileRef = AD91F6DB2997A1DC004B09C5 /* Main.storyboard */; };
		AD91F6E02997A1DC004B09C5 /* LinkedIn_Profile.xcdatamodeld in Sources */ = {isa = PBXBuildFile; fileRef = AD91F6DE2997A1DC004B09C5 /* LinkedIn_Profile.xcdatamodeld */; };
		AD91F6E22997A1DD004B09C5 /* Assets.xcassets in Resources */ = {isa = PBXBuildFile; fileRef = AD91F6E12997A1DD004B09C5 /* Assets.xcassets */; };
		AD91F6E52997A1DD004B09C5 /* LaunchScreen.storyboard in Resources */ = {isa = PBXBuildFile; fileRef = AD91F6E32997A1DD004B09C5 /* LaunchScreen.storyboard */; };
		AD91F6F02997A1DD004B09C5 /* LinkedIn_ProfileTests.swift in Sources */ = {isa = PBXBuildFile; fileRef = AD91F6EF2997A1DD004B09C5 /* LinkedIn_ProfileTests.swift */; };
		AD91F6FA2997A1DD004B09C5 /* LinkedIn_ProfileUITests.swift in Sources */ = {isa = PBXBuildFile; fileRef = AD91F6F92997A1DD004B09C5 /* LinkedIn_ProfileUITests.swift */; };
		AD91F6FC2997A1DD004B09C5 /* LinkedIn_ProfileUITestsLaunchTests.swift in Sources */ = {isa = PBXBuildFile; fileRef = AD91F6FB2997A1DD004B09C5 /* LinkedIn_ProfileUITestsLaunchTests.swift */; };
/* End PBXBuildFile section */

/* Begin PBXContainerItemProxy section */
		AD91F6EC2997A1DD004B09C5 /* PBXContainerItemProxy */ = {
			isa = PBXContainerItemProxy;
			containerPortal = AD91F6CA2997A1DC004B09C5 /* Project object */;
			proxyType = 1;
			remoteGlobalIDString = AD91F6D12997A1DC004B09C5;
			remoteInfo = LinkedIn_Profile;
		};
		AD91F6F62997A1DD004B09C5 /* PBXContainerItemProxy */ = {
			isa = PBXContainerItemProxy;
			containerPortal = AD91F6CA2997A1DC004B09C5 /* Project object */;
			proxyType = 1;
			remoteGlobalIDString = AD91F6D12997A1DC004B09C5;
			remoteInfo = LinkedIn_Profile;
		};
/* End PBXContainerItemProxy section */

/* Begin PBXFileReference section */
		AD91F6D22997A1DC004B09C5 /* LinkedIn_Profile.app */ = {isa = PBXFileReference; explicitFileType = wrapper.application; includeInIndex = 0; path = LinkedIn_Profile.app; sourceTree = BUILT_PRODUCTS_DIR; };
		AD91F6D52997A1DC004B09C5 /* AppDelegate.swift */ = {isa = PBXFileReference; lastKnownFileType = sourcecode.swift; path = AppDelegate.swift; sourceTree = "<group>"; };
		AD91F6D72997A1DC004B09C5 /* SceneDelegate.swift */ = {isa = PBXFileReference; lastKnownFileType = sourcecode.swift; path = SceneDelegate.swift; sourceTree = "<group>"; };
		AD91F6D92997A1DC004B09C5 /* ViewController.swift */ = {isa = PBXFileReference; lastKnownFileType = sourcecode.swift; path = ViewController.swift; sourceTree = "<group>"; };
		AD91F6DC2997A1DC004B09C5 /* Base */ = {isa = PBXFileReference; lastKnownFileType = file.storyboard; name = Base; path = Base.lproj/Main.storyboard; sourceTree = "<group>"; };
		AD91F6DF2997A1DC004B09C5 /* LinkedIn_Profile.xcdatamodel */ = {isa = PBXFileReference; lastKnownFileType = wrapper.xcdatamodel; path = LinkedIn_Profile.xcdatamodel; sourceTree = "<group>"; };
		AD91F6E12997A1DD004B09C5 /* Assets.xcassets */ = {isa = PBXFileReference; lastKnownFileType = folder.assetcatalog; path = Assets.xcassets; sourceTree = "<group>"; };
		AD91F6E42997A1DD004B09C5 /* Base */ = {isa = PBXFileReference; lastKnownFileType = file.storyboard; name = Base; path = Base.lproj/LaunchScreen.storyboard; sourceTree = "<group>"; };
		AD91F6E62997A1DD004B09C5 /* Info.plist */ = {isa = PBXFileReference; lastKnownFileType = text.plist.xml; path = Info.plist; sourceTree = "<group>"; };
		AD91F6EB2997A1DD004B09C5 /* LinkedIn_ProfileTests.xctest */ = {isa = PBXFileReference; explicitFileType = wrapper.cfbundle; includeInIndex = 0; path = LinkedIn_ProfileTests.xctest; sourceTree = BUILT_PRODUCTS_DIR; };
		AD91F6EF2997A1DD004B09C5 /* LinkedIn_ProfileTests.swift */ = {isa = PBXFileReference; lastKnownFileType = sourcecode.swift; path = LinkedIn_ProfileTests.swift; sourceTree = "<group>"; };
		AD91F6F52997A1DD004B09C5 /* LinkedIn_ProfileUITests.xctest */ = {isa = PBXFileReference; explicitFileType = wrapper.cfbundle; includeInIndex = 0; path = LinkedIn_ProfileUITests.xctest; sourceTree = BUILT_PRODUCTS_DIR; };
		AD91F6F92997A1DD004B09C5 /* LinkedIn_ProfileUITests.swift */ = {isa = PBXFileReference; lastKnownFileType = sourcecode.swift; path = LinkedIn_ProfileUITests.swift; sourceTree = "<group>"; };
		AD91F6FB2997A1DD004B09C5 /* LinkedIn_ProfileUITestsLaunchTests.swift */ = {isa = PBXFileReference; lastKnownFileType = sourcecode.swift; path = LinkedIn_ProfileUITestsLaunchTests.swift; sourceTree = "<group>"; };
/* End PBXFileReference section */

/* Begin PBXFrameworksBuildPhase section */
		AD91F6CF2997A1DC004B09C5 /* Frameworks */ = {
			isa = PBXFrameworksBuildPhase;
			buildActionMask = 2147483647;
			files = (
			);
			runOnlyForDeploymentPostprocessing = 0;
		};
		AD91F6E82997A1DD004B09C5 /* Frameworks */ = {
			isa = PBXFrameworksBuildPhase;
			buildActionMask = 2147483647;
			files = (
			);
			runOnlyForDeploymentPostprocessing = 0;
		};
		AD91F6F22997A1DD004B09C5 /* Frameworks */ = {
			isa = PBXFrameworksBuildPhase;
			buildActionMask = 2147483647;
			files = (
			);
			runOnlyForDeploymentPostprocessing = 0;
		};
/* End PBXFrameworksBuildPhase section */

/* Begin PBXGroup section */
		AD91F6C92997A1DC004B09C5 = {
			isa = PBXGroup;
			children = (
				AD91F6D42997A1DC004B09C5 /* LinkedIn_Profile */,
				AD91F6EE2997A1DD004B09C5 /* LinkedIn_ProfileTests */,
				AD91F6F82997A1DD004B09C5 /* LinkedIn_ProfileUITests */,
				AD91F6D32997A1DC004B09C5 /* Products */,
			);
			sourceTree = "<group>";
		};
		AD91F6D32997A1DC004B09C5 /* Products */ = {
			isa = PBXGroup;
			children = (
				AD91F6D22997A1DC004B09C5 /* LinkedIn_Profile.app */,
				AD91F6EB2997A1DD004B09C5 /* LinkedIn_ProfileTests.xctest */,
				AD91F6F52997A1DD004B09C5 /* LinkedIn_ProfileUITests.xctest */,
			);
			name = Products;
			sourceTree = "<group>";
		};
		AD91F6D42997A1DC004B09C5 /* LinkedIn_Profile */ = {
			isa = PBXGroup;
			children = (
				AD91F6D52997A1DC004B09C5 /* AppDelegate.swift */,
				AD91F6D72997A1DC004B09C5 /* SceneDelegate.swift */,
				AD91F6D92997A1DC004B09C5 /* ViewController.swift */,
				AD91F6DB2997A1DC004B09C5 /* Main.storyboard */,
				AD91F6E12997A1DD004B09C5 /* Assets.xcassets */,
				AD91F6E32997A1DD004B09C5 /* LaunchScreen.storyboard */,
				AD91F6E62997A1DD004B09C5 /* Info.plist */,
				AD91F6DE2997A1DC004B09C5 /* LinkedIn_Profile.xcdatamodeld */,
			);
			path = LinkedIn_Profile;
			sourceTree = "<group>";
		};
		AD91F6EE2997A1DD004B09C5 /* LinkedIn_ProfileTests */ = {
			isa = PBXGroup;
			children = (
				AD91F6EF2997A1DD004B09C5 /* LinkedIn_ProfileTests.swift */,
			);
			path = LinkedIn_ProfileTests;
			sourceTree = "<group>";
		};
		AD91F6F82997A1DD004B09C5 /* LinkedIn_ProfileUITests */ = {
			isa = PBXGroup;
			children = (
				AD91F6F92997A1DD004B09C5 /* LinkedIn_ProfileUITests.swift */,
				AD91F6FB2997A1DD004B09C5 /* LinkedIn_ProfileUITestsLaunchTests.swift */,
			);
			path = LinkedIn_ProfileUITests;
			sourceTree = "<group>";
		};
/* End PBXGroup section */

/* Begin PBXNativeTarget section */
		AD91F6D12997A1DC004B09C5 /* LinkedIn_Profile */ = {
			isa = PBXNativeTarget;
			buildConfigurationList = AD91F6FF2997A1DD004B09C5 /* Build configuration list for PBXNativeTarget "LinkedIn_Profile" */;
			buildPhases = (
				AD91F6CE2997A1DC004B09C5 /* Sources */,
				AD91F6CF2997A1DC004B09C5 /* Frameworks */,
				AD91F6D02997A1DC004B09C5 /* Resources */,
			);
			buildRules = (
			);
			dependencies = (
			);
			name = LinkedIn_Profile;
			productName = LinkedIn_Profile;
			productReference = AD91F6D22997A1DC004B09C5 /* LinkedIn_Profile.app */;
			productType = "com.apple.product-type.application";
		};
		AD91F6EA2997A1DD004B09C5 /* LinkedIn_ProfileTests */ = {
			isa = PBXNativeTarget;
			buildConfigurationList = AD91F7022997A1DD004B09C5 /* Build configuration list for PBXNativeTarget "LinkedIn_ProfileTests" */;
			buildPhases = (
				AD91F6E72997A1DD004B09C5 /* Sources */,
				AD91F6E82997A1DD004B09C5 /* Frameworks */,
				AD91F6E92997A1DD004B09C5 /* Resources */,
			);
			buildRules = (
			);
			dependencies = (
				AD91F6ED2997A1DD004B09C5 /* PBXTargetDependency */,
			);
			name = LinkedIn_ProfileTests;
			productName = LinkedIn_ProfileTests;
			productReference = AD91F6EB2997A1DD004B09C5 /* LinkedIn_ProfileTests.xctest */;
			productType = "com.apple.product-type.bundle.unit-test";
		};
		AD91F6F42997A1DD004B09C5 /* LinkedIn_ProfileUITests */ = {
			isa = PBXNativeTarget;
			buildConfigurationList = AD91F7052997A1DD004B09C5 /* Build configuration list for PBXNativeTarget "LinkedIn_ProfileUITests" */;
			buildPhases = (
				AD91F6F12997A1DD004B09C5 /* Sources */,
				AD91F6F22997A1DD004B09C5 /* Frameworks */,
				AD91F6F32997A1DD004B09C5 /* Resources */,
			);
			buildRules = (
			);
			dependencies = (
				AD91F6F72997A1DD004B09C5 /* PBXTargetDependency */,
			);
			name = LinkedIn_ProfileUITests;
			productName = LinkedIn_ProfileUITests;
			productReference = AD91F6F52997A1DD004B09C5 /* LinkedIn_ProfileUITests.xctest */;
			productType = "com.apple.product-type.bundle.ui-testing";
		};
/* End PBXNativeTarget section */

/* Begin PBXProject section */
		AD91F6CA2997A1DC004B09C5 /* Project object */ = {
			isa = PBXProject;
			attributes = {
				BuildIndependentTargetsInParallel = 1;
				LastSwiftUpdateCheck = 1420;
				LastUpgradeCheck = 1420;
				TargetAttributes = {
					AD91F6D12997A1DC004B09C5 = {
						CreatedOnToolsVersion = 14.2;
					};
					AD91F6EA2997A1DD004B09C5 = {
						CreatedOnToolsVersion = 14.2;
						TestTargetID = AD91F6D12997A1DC004B09C5;
					};
					AD91F6F42997A1DD004B09C5 = {
						CreatedOnToolsVersion = 14.2;
						TestTargetID = AD91F6D12997A1DC004B09C5;
					};
				};
			};
			buildConfigurationList = AD91F6CD2997A1DC004B09C5 /* Build configuration list for PBXProject "LinkedIn_Profile" */;
			compatibilityVersion = "Xcode 14.0";
			developmentRegion = en;
			hasScannedForEncodings = 0;
			knownRegions = (
				en,
				Base,
			);
			mainGroup = AD91F6C92997A1DC004B09C5;
			productRefGroup = AD91F6D32997A1DC004B09C5 /* Products */;
			projectDirPath = "";
			projectRoot = "";
			targets = (
				AD91F6D12997A1DC004B09C5 /* LinkedIn_Profile */,
				AD91F6EA2997A1DD004B09C5 /* LinkedIn_ProfileTests */,
				AD91F6F42997A1DD004B09C5 /* LinkedIn_ProfileUITests */,
			);
		};
/* End PBXProject section */

/* Begin PBXResourcesBuildPhase section */
		AD91F6D02997A1DC004B09C5 /* Resources */ = {
			isa = PBXResourcesBuildPhase;
			buildActionMask = 2147483647;
			files = (
				AD91F6E52997A1DD004B09C5 /* LaunchScreen.storyboard in Resources */,
				AD91F6E22997A1DD004B09C5 /* Assets.xcassets in Resources */,
				AD91F6DD2997A1DC004B09C5 /* Main.storyboard in Resources */,
			);
			runOnlyForDeploymentPostprocessing = 0;
		};
		AD91F6E92997A1DD004B09C5 /* Resources */ = {
			isa = PBXResourcesBuildPhase;
			buildActionMask = 2147483647;
			files = (
			);
			runOnlyForDeploymentPostprocessing = 0;
		};
		AD91F6F32997A1DD004B09C5 /* Resources */ = {
			isa = PBXResourcesBuildPhase;
			buildActionMask = 2147483647;
			files = (
			);
			runOnlyForDeploymentPostprocessing = 0;
		};
/* End PBXResourcesBuildPhase section */

/* Begin PBXSourcesBuildPhase section */
		AD91F6CE2997A1DC004B09C5 /* Sources */ = {
			isa = PBXSourcesBuildPhase;
			buildActionMask = 2147483647;
			files = (
				AD91F6DA2997A1DC004B09C5 /* ViewController.swift in Sources */,
				AD91F6D62997A1DC004B09C5 /* AppDelegate.swift in Sources */,
				AD91F6D82997A1DC004B09C5 /* SceneDelegate.swift in Sources */,
				AD91F6E02997A1DC004B09C5 /* LinkedIn_Profile.xcdatamodeld in Sources */,
			);
			runOnlyForDeploymentPostprocessing = 0;
		};
		AD91F6E72997A1DD004B09C5 /* Sources */ = {
			isa = PBXSourcesBuildPhase;
			buildActionMask = 2147483647;
			files = (
				AD91F6F02997A1DD004B09C5 /* LinkedIn_ProfileTests.swift in Sources */,
			);
			runOnlyForDeploymentPostprocessing = 0;
		};
		AD91F6F12997A1DD004B09C5 /* Sources */ = {
			isa = PBXSourcesBuildPhase;
			buildActionMask = 2147483647;
			files = (
				AD91F6FC2997A1DD004B09C5 /* LinkedIn_ProfileUITestsLaunchTests.swift in Sources */,
				AD91F6FA2997A1DD004B09C5 /* LinkedIn_ProfileUITests.swift in Sources */,
			);
			runOnlyForDeploymentPostprocessing = 0;
		};
/* End PBXSourcesBuildPhase section */

/* Begin PBXTargetDependency section */
		AD91F6ED2997A1DD004B09C5 /* PBXTargetDependency */ = {
			isa = PBXTargetDependency;
			target = AD91F6D12997A1DC004B09C5 /* LinkedIn_Profile */;
			targetProxy = AD91F6EC2997A1DD004B09C5 /* PBXContainerItemProxy */;
		};
		AD91F6F72997A1DD004B09C5 /* PBXTargetDependency */ = {
			isa = PBXTargetDependency;
			target = AD91F6D12997A1DC004B09C5 /* LinkedIn_Profile */;
			targetProxy = AD91F6F62997A1DD004B09C5 /* PBXContainerItemProxy */;
		};
/* End PBXTargetDependency section */

/* Begin PBXVariantGroup section */
		AD91F6DB2997A1DC004B09C5 /* Main.storyboard */ = {
			isa = PBXVariantGroup;
			children = (
				AD91F6DC2997A1DC004B09C5 /* Base */,
			);
			name = Main.storyboard;
			sourceTree = "<group>";
		};
		AD91F6E32997A1DD004B09C5 /* LaunchScreen.storyboard */ = {
			isa = PBXVariantGroup;
			children = (
				AD91F6E42997A1DD004B09C5 /* Base */,
			);
			name = LaunchScreen.storyboard;
			sourceTree = "<group>";
		};
/* End PBXVariantGroup section */

/* Begin XCBuildConfiguration section */
		AD91F6FD2997A1DD004B09C5 /* Debug */ = {
			isa = XCBuildConfiguration;
			buildSettings = {
				ALWAYS_SEARCH_USER_PATHS = NO;
				CLANG_ANALYZER_NONNULL = YES;
				CLANG_ANALYZER_NUMBER_OBJECT_CONVERSION = YES_AGGRESSIVE;
				CLANG_CXX_LANGUAGE_STANDARD = "gnu++20";
				CLANG_ENABLE_MODULES = YES;
				CLANG_ENABLE_OBJC_ARC = YES;
				CLANG_ENABLE_OBJC_WEAK = YES;
				CLANG_WARN_BLOCK_CAPTURE_AUTORELEASING = YES;
				CLANG_WARN_BOOL_CONVERSION = YES;
				CLANG_WARN_COMMA = YES;
				CLANG_WARN_CONSTANT_CONVERSION = YES;
				CLANG_WARN_DEPRECATED_OBJC_IMPLEMENTATIONS = YES;
				CLANG_WARN_DIRECT_OBJC_ISA_USAGE = YES_ERROR;
				CLANG_WARN_DOCUMENTATION_COMMENTS = YES;
				CLANG_WARN_EMPTY_BODY = YES;
				CLANG_WARN_ENUM_CONVERSION = YES;
				CLANG_WARN_INFINITE_RECURSION = YES;
				CLANG_WARN_INT_CONVERSION = YES;
				CLANG_WARN_NON_LITERAL_NULL_CONVERSION = YES;
				CLANG_WARN_OBJC_IMPLICIT_RETAIN_SELF = YES;
				CLANG_WARN_OBJC_LITERAL_CONVERSION = YES;
				CLANG_WARN_OBJC_ROOT_CLASS = YES_ERROR;
				CLANG_WARN_QUOTED_INCLUDE_IN_FRAMEWORK_HEADER = YES;
				CLANG_WARN_RANGE_LOOP_ANALYSIS = YES;
				CLANG_WARN_STRICT_PROTOTYPES = YES;
				CLANG_WARN_SUSPICIOUS_MOVE = YES;
				CLANG_WARN_UNGUARDED_AVAILABILITY = YES_AGGRESSIVE;
				CLANG_WARN_UNREACHABLE_CODE = YES;
				CLANG_WARN__DUPLICATE_METHOD_MATCH = YES;
				COPY_PHASE_STRIP = NO;
				DEBUG_INFORMATION_FORMAT = dwarf;
				ENABLE_STRICT_OBJC_MSGSEND = YES;
				ENABLE_TESTABILITY = YES;
				GCC_C_LANGUAGE_STANDARD = gnu11;
				GCC_DYNAMIC_NO_PIC = NO;
				GCC_NO_COMMON_BLOCKS = YES;
				GCC_OPTIMIZATION_LEVEL = 0;
				GCC_PREPROCESSOR_DEFINITIONS = (
					"DEBUG=1",
					"$(inherited)",
				);
				GCC_WARN_64_TO_32_BIT_CONVERSION = YES;
				GCC_WARN_ABOUT_RETURN_TYPE = YES_ERROR;
				GCC_WARN_UNDECLARED_SELECTOR = YES;
				GCC_WARN_UNINITIALIZED_AUTOS = YES_AGGRESSIVE;
				GCC_WARN_UNUSED_FUNCTION = YES;
				GCC_WARN_UNUSED_VARIABLE = YES;
				IPHONEOS_DEPLOYMENT_TARGET = 16.2;
				MTL_ENABLE_DEBUG_INFO = INCLUDE_SOURCE;
				MTL_FAST_MATH = YES;
				ONLY_ACTIVE_ARCH = YES;
				SDKROOT = iphoneos;
				SWIFT_ACTIVE_COMPILATION_CONDITIONS = DEBUG;
				SWIFT_OPTIMIZATION_LEVEL = "-Onone";
			};
			name = Debug;
		};
		AD91F6FE2997A1DD004B09C5 /* Release */ = {
			isa = XCBuildConfiguration;
			buildSettings = {
				ALWAYS_SEARCH_USER_PATHS = NO;
				CLANG_ANALYZER_NONNULL = YES;
				CLANG_ANALYZER_NUMBER_OBJECT_CONVERSION = YES_AGGRESSIVE;
				CLANG_CXX_LANGUAGE_STANDARD = "gnu++20";
				CLANG_ENABLE_MODULES = YES;
				CLANG_ENABLE_OBJC_ARC = YES;
				CLANG_ENABLE_OBJC_WEAK = YES;
				CLANG_WARN_BLOCK_CAPTURE_AUTORELEASING = YES;
				CLANG_WARN_BOOL_CONVERSION = YES;
				CLANG_WARN_COMMA = YES;
				CLANG_WARN_CONSTANT_CONVERSION = YES;
				CLANG_WARN_DEPRECATED_OBJC_IMPLEMENTATIONS = YES;
				CLANG_WARN_DIRECT_OBJC_ISA_USAGE = YES_ERROR;
				CLANG_WARN_DOCUMENTATION_COMMENTS = YES;
				CLANG_WARN_EMPTY_BODY = YES;
				CLANG_WARN_ENUM_CONVERSION = YES;
				CLANG_WARN_INFINITE_RECURSION = YES;
				CLANG_WARN_INT_CONVERSION = YES;
				CLANG_WARN_NON_LITERAL_NULL_CONVERSION = YES;
				CLANG_WARN_OBJC_IMPLICIT_RETAIN_SELF = YES;
				CLANG_WARN_OBJC_LITERAL_CONVERSION = YES;
				CLANG_WARN_OBJC_ROOT_CLASS = YES_ERROR;
				CLANG_WARN_QUOTED_INCLUDE_IN_FRAMEWORK_HEADER = YES;
				CLANG_WARN_RANGE_LOOP_ANALYSIS = YES;
				CLANG_WARN_STRICT_PROTOTYPES = YES;
				CLANG_WARN_SUSPICIOUS_MOVE = YES;
				CLANG_WARN_UNGUARDED_AVAILABILITY = YES_AGGRESSIVE;
				CLANG_WARN_UNREACHABLE_CODE = YES;
				CLANG_WARN__DUPLICATE_METHOD_MATCH = YES;
				COPY_PHASE_STRIP = NO;
				DEBUG_INFORMATION_FORMAT = "dwarf-with-dsym";
				ENABLE_NS_ASSERTIONS = NO;
				ENABLE_STRICT_OBJC_MSGSEND = YES;
				GCC_C_LANGUAGE_STANDARD = gnu11;
				GCC_NO_COMMON_BLOCKS = YES;
				GCC_WARN_64_TO_32_BIT_CONVERSION = YES;
				GCC_WARN_ABOUT_RETURN_TYPE = YES_ERROR;
				GCC_WARN_UNDECLARED_SELECTOR = YES;
				GCC_WARN_UNINITIALIZED_AUTOS = YES_AGGRESSIVE;
				GCC_WARN_UNUSED_FUNCTION = YES;
				GCC_WARN_UNUSED_VARIABLE = YES;
				IPHONEOS_DEPLOYMENT_TARGET = 16.2;
				MTL_ENABLE_DEBUG_INFO = NO;
				MTL_FAST_MATH = YES;
				SDKROOT = iphoneos;
				SWIFT_COMPILATION_MODE = wholemodule;
				SWIFT_OPTIMIZATION_LEVEL = "-O";
				VALIDATE_PRODUCT = YES;
			};
			name = Release;
		};
		AD91F7002997A1DD004B09C5 /* Debug */ = {
			isa = XCBuildConfiguration;
			buildSettings = {
				ASSETCATALOG_COMPILER_APPICON_NAME = AppIcon;
				ASSETCATALOG_COMPILER_GLOBAL_ACCENT_COLOR_NAME = AccentColor;
				CODE_SIGN_STYLE = Automatic;
				CURRENT_PROJECT_VERSION = 1;
				DEVELOPMENT_TEAM = 29X82L2D2X;
				GENERATE_INFOPLIST_FILE = YES;
				INFOPLIST_FILE = LinkedIn_Profile/Info.plist;
				INFOPLIST_KEY_UIApplicationSupportsIndirectInputEvents = YES;
				INFOPLIST_KEY_UILaunchStoryboardName = LaunchScreen;
				INFOPLIST_KEY_UIMainStoryboardFile = Main;
				INFOPLIST_KEY_UISupportedInterfaceOrientations_iPad = "UIInterfaceOrientationPortrait UIInterfaceOrientationPortraitUpsideDown UIInterfaceOrientationLandscapeLeft UIInterfaceOrientationLandscapeRight";
				INFOPLIST_KEY_UISupportedInterfaceOrientations_iPhone = "UIInterfaceOrientationPortrait UIInterfaceOrientationLandscapeLeft UIInterfaceOrientationLandscapeRight";
				LD_RUNPATH_SEARCH_PATHS = (
					"$(inherited)",
					"@executable_path/Frameworks",
				);
				MARKETING_VERSION = 1.0;
				PRODUCT_BUNDLE_IDENTIFIER = "Blu.LinkedIn-Profile";
				PRODUCT_NAME = "$(TARGET_NAME)";
				SWIFT_EMIT_LOC_STRINGS = YES;
				SWIFT_VERSION = 5.0;
				TARGETED_DEVICE_FAMILY = "1,2";
			};
			name = Debug;
		};
		AD91F7012997A1DD004B09C5 /* Release */ = {
			isa = XCBuildConfiguration;
			buildSettings = {
				ASSETCATALOG_COMPILER_APPICON_NAME = AppIcon;
				ASSETCATALOG_COMPILER_GLOBAL_ACCENT_COLOR_NAME = AccentColor;
				CODE_SIGN_STYLE = Automatic;
				CURRENT_PROJECT_VERSION = 1;
				DEVELOPMENT_TEAM = 29X82L2D2X;
				GENERATE_INFOPLIST_FILE = YES;
				INFOPLIST_FILE = LinkedIn_Profile/Info.plist;
				INFOPLIST_KEY_UIApplicationSupportsIndirectInputEvents = YES;
				INFOPLIST_KEY_UILaunchStoryboardName = LaunchScreen;
				INFOPLIST_KEY_UIMainStoryboardFile = Main;
				INFOPLIST_KEY_UISupportedInterfaceOrientations_iPad = "UIInterfaceOrientationPortrait UIInterfaceOrientationPortraitUpsideDown UIInterfaceOrientationLandscapeLeft UIInterfaceOrientationLandscapeRight";
				INFOPLIST_KEY_UISupportedInterfaceOrientations_iPhone = "UIInterfaceOrientationPortrait UIInterfaceOrientationLandscapeLeft UIInterfaceOrientationLandscapeRight";
				LD_RUNPATH_SEARCH_PATHS = (
					"$(inherited)",
					"@executable_path/Frameworks",
				);
				MARKETING_VERSION = 1.0;
				PRODUCT_BUNDLE_IDENTIFIER = "Blu.LinkedIn-Profile";
				PRODUCT_NAME = "$(TARGET_NAME)";
				SWIFT_EMIT_LOC_STRINGS = YES;
				SWIFT_VERSION = 5.0;
				TARGETED_DEVICE_FAMILY = "1,2";
			};
			name = Release;
		};
		AD91F7032997A1DD004B09C5 /* Debug */ = {
			isa = XCBuildConfiguration;
			buildSettings = {
				ALWAYS_EMBED_SWIFT_STANDARD_LIBRARIES = YES;
				BUNDLE_LOADER = "$(TEST_HOST)";
				CODE_SIGN_STYLE = Automatic;
				CURRENT_PROJECT_VERSION = 1;
				DEVELOPMENT_TEAM = 29X82L2D2X;
				GENERATE_INFOPLIST_FILE = YES;
				IPHONEOS_DEPLOYMENT_TARGET = 16.2;
				MARKETING_VERSION = 1.0;
				PRODUCT_BUNDLE_IDENTIFIER = "Blu.LinkedIn-ProfileTests";
				PRODUCT_NAME = "$(TARGET_NAME)";
				SWIFT_EMIT_LOC_STRINGS = NO;
				SWIFT_VERSION = 5.0;
				TARGETED_DEVICE_FAMILY = "1,2";
				TEST_HOST = "$(BUILT_PRODUCTS_DIR)/LinkedIn_Profile.app/$(BUNDLE_EXECUTABLE_FOLDER_PATH)/LinkedIn_Profile";
			};
			name = Debug;
		};
		AD91F7042997A1DD004B09C5 /* Release */ = {
			isa = XCBuildConfiguration;
			buildSettings = {
				ALWAYS_EMBED_SWIFT_STANDARD_LIBRARIES = YES;
				BUNDLE_LOADER = "$(TEST_HOST)";
				CODE_SIGN_STYLE = Automatic;
				CURRENT_PROJECT_VERSION = 1;
				DEVELOPMENT_TEAM = 29X82L2D2X;
				GENERATE_INFOPLIST_FILE = YES;
				IPHONEOS_DEPLOYMENT_TARGET = 16.2;
				MARKETING_VERSION = 1.0;
				PRODUCT_BUNDLE_IDENTIFIER = "Blu.LinkedIn-ProfileTests";
				PRODUCT_NAME = "$(TARGET_NAME)";
				SWIFT_EMIT_LOC_STRINGS = NO;
				SWIFT_VERSION = 5.0;
				TARGETED_DEVICE_FAMILY = "1,2";
				TEST_HOST = "$(BUILT_PRODUCTS_DIR)/LinkedIn_Profile.app/$(BUNDLE_EXECUTABLE_FOLDER_PATH)/LinkedIn_Profile";
			};
			name = Release;
		};
		AD91F7062997A1DD004B09C5 /* Debug */ = {
			isa = XCBuildConfiguration;
			buildSettings = {
				ALWAYS_EMBED_SWIFT_STANDARD_LIBRARIES = YES;
				CODE_SIGN_STYLE = Automatic;
				CURRENT_PROJECT_VERSION = 1;
				DEVELOPMENT_TEAM = 29X82L2D2X;
				GENERATE_INFOPLIST_FILE = YES;
				MARKETING_VERSION = 1.0;
				PRODUCT_BUNDLE_IDENTIFIER = "Blu.LinkedIn-ProfileUITests";
				PRODUCT_NAME = "$(TARGET_NAME)";
				SWIFT_EMIT_LOC_STRINGS = NO;
				SWIFT_VERSION = 5.0;
				TARGETED_DEVICE_FAMILY = "1,2";
				TEST_TARGET_NAME = LinkedIn_Profile;
			};
			name = Debug;
		};
		AD91F7072997A1DD004B09C5 /* Release */ = {
			isa = XCBuildConfiguration;
			buildSettings = {
				ALWAYS_EMBED_SWIFT_STANDARD_LIBRARIES = YES;
				CODE_SIGN_STYLE = Automatic;
				CURRENT_PROJECT_VERSION = 1;
				DEVELOPMENT_TEAM = 29X82L2D2X;
				GENERATE_INFOPLIST_FILE = YES;
				MARKETING_VERSION = 1.0;
				PRODUCT_BUNDLE_IDENTIFIER = "Blu.LinkedIn-ProfileUITests";
				PRODUCT_NAME = "$(TARGET_NAME)";
				SWIFT_EMIT_LOC_STRINGS = NO;
				SWIFT_VERSION = 5.0;
				TARGETED_DEVICE_FAMILY = "1,2";
				TEST_TARGET_NAME = LinkedIn_Profile;
			};
			name = Release;
		};
/* End XCBuildConfiguration section */

/* Begin XCConfigurationList section */
		AD91F6CD2997A1DC004B09C5 /* Build configuration list for PBXProject "LinkedIn_Profile" */ = {
			isa = XCConfigurationList;
			buildConfigurations = (
				AD91F6FD2997A1DD004B09C5 /* Debug */,
				AD91F6FE2997A1DD004B09C5 /* Release */,
			);
			defaultConfigurationIsVisible = 0;
			defaultConfigurationName = Release;
		};
		AD91F6FF2997A1DD004B09C5 /* Build configuration list for PBXNativeTarget "LinkedIn_Profile" */ = {
			isa = XCConfigurationList;
			buildConfigurations = (
				AD91F7002997A1DD004B09C5 /* Debug */,
				AD91F7012997A1DD004B09C5 /* Release */,
			);
			defaultConfigurationIsVisible = 0;
			defaultConfigurationName = Release;
		};
		AD91F7022997A1DD004B09C5 /* Build configuration list for PBXNativeTarget "LinkedIn_ProfileTests" */ = {
			isa = XCConfigurationList;
			buildConfigurations = (
				AD91F7032997A1DD004B09C5 /* Debug */,
				AD91F7042997A1DD004B09C5 /* Release */,
			);
			defaultConfigurationIsVisible = 0;
			defaultConfigurationName = Release;
		};
		AD91F7052997A1DD004B09C5 /* Build configuration list for PBXNativeTarget "LinkedIn_ProfileUITests" */ = {
			isa = XCConfigurationList;
			buildConfigurations = (
				AD91F7062997A1DD004B09C5 /* Debug */,
				AD91F7072997A1DD004B09C5 /* Release */,
			);
			defaultConfigurationIsVisible = 0;
			defaultConfigurationName = Release;
		};
/* End XCConfigurationList section */

/* Begin XCVersionGroup section */
		AD91F6DE2997A1DC004B09C5 /* LinkedIn_Profile.xcdatamodeld */ = {
			isa = XCVersionGroup;
			children = (
				AD91F6DF2997A1DC004B09C5 /* LinkedIn_Profile.xcdatamodel */,
			);
			currentVersion = AD91F6DF2997A1DC004B09C5 /* LinkedIn_Profile.xcdatamodel */;
			path = LinkedIn_Profile.xcdatamodeld;
			sourceTree = "<group>";
			versionGroupType = wrapper.xcdatamodel;
		};
/* End XCVersionGroup section */
	};
	rootObject = AD91F6CA2997A1DC004B09C5 /* Project object */;
}
